
Microsoft Visual Studio Solution File, Format Version 12.00
# Visual Studio Version 16
VisualStudioVersion = 16.0.32901.82
MinimumVisualStudioVersion = 10.0.40219.1
Project("{9A19103F-16F7-4668-BE54-9A1E7A4F7556}") = "ProgressMan", "ChamDiemQuaTrinh\ProgressMan.csproj", "{60B6CFF6-B2B3-4529-957B-FD35CA1C980B}"
EndProject
Project("{9A19103F-16F7-4668-BE54-9A1E7A4F7556}") = "ProgressManAPI", "ChamDiemQuaTrinhAPI\ProgressManAPI.csproj", "{A8E596A6-1380-4665-8327-3C2C6BFDC927}"
EndProject
Project("{9A19103F-16F7-4668-BE54-9A1E7A4F7556}") = "Entities", "Entities\Entities.csproj", "{023B4774-98E8-4A3A-969D-6CC6447B46DB}"
EndProject
Global
	GlobalSection(SolutionConfigurationPlatforms) = preSolution
		Debug|Any CPU = Debug|Any CPU
		Release|Any CPU = Release|Any CPU
	EndGlobalSection
	GlobalSection(ProjectConfigurationPlatforms) = postSolution
		{60B6CFF6-B2B3-4529-957B-FD35CA1C980B}.Debug|Any CPU.ActiveCfg = Debug|Any CPU
		{60B6CFF6-B2B3-4529-957B-FD35CA1C980B}.Debug|Any CPU.Build.0 = Debug|Any CPU
		{60B6CFF6-B2B3-4529-957B-FD35CA1C980B}.Release|Any CPU.ActiveCfg = Release|Any CPU
		{60B6CFF6-B2B3-4529-957B-FD35CA1C980B}.Release|Any CPU.Build.0 = Release|Any CPU
		{A8E596A6-1380-4665-8327-3C2C6BFDC927}.Debug|Any CPU.ActiveCfg = Debug|Any CPU
		{A8E596A6-1380-4665-8327-3C2C6BFDC927}.Debug|Any CPU.Build.0 = Debug|Any CPU
		{A8E596A6-1380-4665-8327-3C2C6BFDC927}.Release|Any CPU.ActiveCfg = Release|Any CPU
		{A8E596A6-1380-4665-8327-3C2C6BFDC927}.Release|Any CPU.Build.0 = Release|Any CPU
		{023B4774-98E8-4A3A-969D-6CC6447B46DB}.Debug|Any CPU.ActiveCfg = Debug|Any CPU
		{023B4774-98E8-4A3A-969D-6CC6447B46DB}.Debug|Any CPU.Build.0 = Debug|Any CPU
		{023B4774-98E8-4A3A-969D-6CC6447B46DB}.Release|Any CPU.ActiveCfg = Release|Any CPU
		{023B4774-98E8-4A3A-969D-6CC6447B46DB}.Release|Any CPU.Build.0 = Release|Any CPU
	EndGlobalSection
	GlobalSection(SolutionProperties) = preSolution
		HideSolutionNode = FALSE
	EndGlobalSection
	GlobalSection(ExtensibilityGlobals) = postSolution
		SolutionGuid = {EF7900C3-5BA7-4D37-9E25-00C08EAB4706}
	EndGlobalSection
EndGlobal
