
Microsoft Visual Studio Solution File, Format Version 12.00
# Visual Studio Version 16
VisualStudioVersion = 16.0.32901.82
MinimumVisualStudioVersion = 10.0.40219.1
Project("{9A19103F-16F7-4668-BE54-9A1E7A4F7556}") = "Entities", "Entities\Entities.csproj", "{023B4774-98E8-4A3A-969D-6CC6447B46DB}"
EndProject
Project("{9A19103F-16F7-4668-BE54-9A1E7A4F7556}") = "ProgressMan", "ProgressMan\ProgressMan.csproj", "{798AEEEE-E56A-40DA-AA86-ED67FE15509D}"
EndProject
Project("{9A19103F-16F7-4668-BE54-9A1E7A4F7556}") = "ProgressManAPI", "ProgressManAPI\ProgressManAPI.csproj", "{7ED8B6E2-21F8-44EF-A01D-4B3DCAA3E54F}"
EndProject
Global
	GlobalSection(SolutionConfigurationPlatforms) = preSolution
		Debug|Any CPU = Debug|Any CPU
		Release|Any CPU = Release|Any CPU
	EndGlobalSection
	GlobalSection(ProjectConfigurationPlatforms) = postSolution
		{023B4774-98E8-4A3A-969D-6CC6447B46DB}.Debug|Any CPU.ActiveCfg = Debug|Any CPU
		{023B4774-98E8-4A3A-969D-6CC6447B46DB}.Debug|Any CPU.Build.0 = Debug|Any CPU
		{023B4774-98E8-4A3A-969D-6CC6447B46DB}.Release|Any CPU.ActiveCfg = Release|Any CPU
		{023B4774-98E8-4A3A-969D-6CC6447B46DB}.Release|Any CPU.Build.0 = Release|Any CPU
		{798AEEEE-E56A-40DA-AA86-ED67FE15509D}.Debug|Any CPU.ActiveCfg = Debug|Any CPU
		{798AEEEE-E56A-40DA-AA86-ED67FE15509D}.Debug|Any CPU.Build.0 = Debug|Any CPU
		{798AEEEE-E56A-40DA-AA86-ED67FE15509D}.Release|Any CPU.ActiveCfg = Release|Any CPU
		{798AEEEE-E56A-40DA-AA86-ED67FE15509D}.Release|Any CPU.Build.0 = Release|Any CPU
		{7ED8B6E2-21F8-44EF-A01D-4B3DCAA3E54F}.Debug|Any CPU.ActiveCfg = Debug|Any CPU
		{7ED8B6E2-21F8-44EF-A01D-4B3DCAA3E54F}.Debug|Any CPU.Build.0 = Debug|Any CPU
		{7ED8B6E2-21F8-44EF-A01D-4B3DCAA3E54F}.Release|Any CPU.ActiveCfg = Release|Any CPU
		{7ED8B6E2-21F8-44EF-A01D-4B3DCAA3E54F}.Release|Any CPU.Build.0 = Release|Any CPU
	EndGlobalSection
	GlobalSection(SolutionProperties) = preSolution
		HideSolutionNode = FALSE
	EndGlobalSection
	GlobalSection(ExtensibilityGlobals) = postSolution
		SolutionGuid = {EF7900C3-5BA7-4D37-9E25-00C08EAB4706}
	EndGlobalSection
EndGlobal
